
Microsoft Visual Studio Solution File, Format Version 12.00
# Visual Studio Version 16
VisualStudioVersion = 16.0.31624.102
MinimumVisualStudioVersion = 10.0.40219.1
Project("{FAE04EC0-301F-11D3-BF4B-00C04F79EFBC}") = "abuela", "abuela\abuela.csproj", "{9EC1BC82-751E-427C-AAA1-84EFD01AF437}"
EndProject
Global
	GlobalSection(SolutionConfigurationPlatforms) = preSolution
		Debug|Any CPU = Debug|Any CPU
		Release|Any CPU = Release|Any CPU
	EndGlobalSection
	GlobalSection(ProjectConfigurationPlatforms) = postSolution
		{9EC1BC82-751E-427C-AAA1-84EFD01AF437}.Debug|Any CPU.ActiveCfg = Debug|Any CPU
		{9EC1BC82-751E-427C-AAA1-84EFD01AF437}.Debug|Any CPU.Build.0 = Debug|Any CPU
		{9EC1BC82-751E-427C-AAA1-84EFD01AF437}.Release|Any CPU.ActiveCfg = Release|Any CPU
		{9EC1BC82-751E-427C-AAA1-84EFD01AF437}.Release|Any CPU.Build.0 = Release|Any CPU
	EndGlobalSection
	GlobalSection(SolutionProperties) = preSolution
		HideSolutionNode = FALSE
	EndGlobalSection
	GlobalSection(ExtensibilityGlobals) = postSolution
		SolutionGuid = {FFE28D55-BB83-4F4C-8ED2-C421DC5EAF7F}
	EndGlobalSection
EndGlobal
