
Microsoft Visual Studio Solution File, Format Version 12.00
# Visual Studio Version 16
VisualStudioVersion = 16.0.31702.278
MinimumVisualStudioVersion = 10.0.40219.1
Project("{FAE04EC0-301F-11D3-BF4B-00C04F79EFBC}") = "Problema 1- Scramble", "Problema 1- Scramble\Problema 1- Scramble.csproj", "{7C52195C-60E5-409A-B57D-064C97D27152}"
EndProject
Global
	GlobalSection(SolutionConfigurationPlatforms) = preSolution
		Debug|Any CPU = Debug|Any CPU
		Release|Any CPU = Release|Any CPU
	EndGlobalSection
	GlobalSection(ProjectConfigurationPlatforms) = postSolution
		{7C52195C-60E5-409A-B57D-064C97D27152}.Debug|Any CPU.ActiveCfg = Debug|Any CPU
		{7C52195C-60E5-409A-B57D-064C97D27152}.Debug|Any CPU.Build.0 = Debug|Any CPU
		{7C52195C-60E5-409A-B57D-064C97D27152}.Release|Any CPU.ActiveCfg = Release|Any CPU
		{7C52195C-60E5-409A-B57D-064C97D27152}.Release|Any CPU.Build.0 = Release|Any CPU
	EndGlobalSection
	GlobalSection(SolutionProperties) = preSolution
		HideSolutionNode = FALSE
	EndGlobalSection
	GlobalSection(ExtensibilityGlobals) = postSolution
		SolutionGuid = {640856DB-2341-4A21-BB12-3DD147AA2E9B}
	EndGlobalSection
EndGlobal
